{
	"name": "node-api",
	"requires": true,
	"lockfileVersion": 1,
	"dependencies": {
		"accepts": {
			"version": "1.0.0",
			"resolved": "https://registry.npmjs.org/accepts/-/accepts-1.0.0.tgz",
			"integrity": "sha1-NgTHZVhsO5z3h3tpN829RYf5R9w=",
			"requires": {
				"mime": "1.2.11",
				"negotiator": "0.3.0"
			}
		},
		"body-parser": {
			"version": "1.0.2",
			"resolved": "https://registry.npmjs.org/body-parser/-/body-parser-1.0.2.tgz",
			"integrity": "sha1-NGFHmjJ4/gD8rr7DMUu1T8T3tHw=",
			"requires": {
				"qs": "0.6.6",
				"raw-body": "1.1.7",
				"type-is": "1.1.0"
			}
		},
		"bson": {
			"version": "0.2.2",
			"resolved": "https://registry.npmjs.org/bson/-/bson-0.2.2.tgz",
			"integrity": "sha1-Pb+YSsudM6aHi0bm+3r71hGFamA="
		},
		"buffer-crc32": {
			"version": "0.2.1",
			"resolved": "https://registry.npmjs.org/buffer-crc32/-/buffer-crc32-0.2.1.tgz",
			"integrity": "sha1-vj5TgvwCttYySVasGvmKqYsIU0w="
		},
		"bytes": {
			"version": "1.0.0",
			"resolved": "https://registry.npmjs.org/bytes/-/bytes-1.0.0.tgz",
			"integrity": "sha1-NWnt6Lo0MV+rmcPpLLBMciDeH6g="
		},
		"cookie": {
			"version": "0.1.0",
			"resolved": "https://registry.npmjs.org/cookie/-/cookie-0.1.0.tgz",
			"integrity": "sha1-kOtGndzpBchm3mh+/EMTHYgB+dA="
		},
		"cookie-session": {
			"version": "1.0.2",
			"resolved": "https://registry.npmjs.org/cookie-session/-/cookie-session-1.0.2.tgz",
			"integrity": "sha1-lImaxKchvevPsvYq2qqJ/9u9jvg=",
			"requires": {
				"cookies": "0.4.1",
				"debug": "4.1.1"
			}
		},
		"cookie-signature": {
			"version": "1.0.3",
			"resolved": "https://registry.npmjs.org/cookie-signature/-/cookie-signature-1.0.3.tgz",
			"integrity": "sha1-kc2ZfMUftkFZVzjGnNoCAyj1D/k="
		},
		"cookies": {
			"version": "0.4.1",
			"resolved": "https://registry.npmjs.org/cookies/-/cookies-0.4.1.tgz",
			"integrity": "sha1-fUO9AFg8mFrMAyJYuXmIt9A7Yp4=",
			"requires": {
				"keygrip": "1.0.3"
			}
		},
		"csrf": {
			"version": "3.1.0",
			"resolved": "https://registry.npmjs.org/csrf/-/csrf-3.1.0.tgz",
			"integrity": "sha512-uTqEnCvWRk042asU6JtapDTcJeeailFy4ydOQS28bj1hcLnYRiqi8SsD2jS412AY1I/4qdOwWZun774iqywf9w==",
			"requires": {
				"rndm": "1.2.0",
				"tsscmp": "1.0.6",
				"uid-safe": "2.1.5"
			}
		},
		"debug": {
			"version": "4.1.1",
			"resolved": "https://registry.npmjs.org/debug/-/debug-4.1.1.tgz",
			"integrity": "sha512-pYAIzeRo8J6KPEaJ0VWOh5Pzkbw/RetuzehGM7QRRX5he4fPHx2rdKMB256ehJCkX+XRQm16eZLqLNS8RSZXZw==",
			"requires": {
				"ms": "2.1.2"
			}
		},
		"escape-html": {
			"version": "1.0.1",
			"resolved": "https://registry.npmjs.org/escape-html/-/escape-html-1.0.1.tgz",
			"integrity": "sha1-GBoobq05ejmpKFfPsdQwUuNWv/A="
		},
		"express": {
			"version": "4.0.0",
			"resolved": "https://registry.npmjs.org/express/-/express-4.0.0.tgz",
			"integrity": "sha1-J03IKTPJ9XTMOKDOXqgXK+nGsJQ=",
			"requires": {
				"accepts": "1.0.0",
				"buffer-crc32": "0.2.1",
				"cookie": "0.1.0",
				"cookie-signature": "1.0.3",
				"debug": "0.8.1",
				"escape-html": "1.0.1",
				"fresh": "0.2.2",
				"merge-descriptors": "0.0.2",
				"methods": "0.1.0",
				"parseurl": "1.0.1",
				"path-to-regexp": "0.1.2",
				"qs": "0.6.6",
				"range-parser": "1.0.0",
				"send": "0.2.0",
				"serve-static": "1.0.1",
				"type-is": "1.0.0",
				"utils-merge": "1.0.0"
			},
			"dependencies": {
				"debug": {
					"version": "0.8.1",
					"resolved": "https://registry.npmjs.org/debug/-/debug-0.8.1.tgz",
					"integrity": "sha1-IP9NJvXkIstoobrLu2EDmtjBwTA="
				},
				"type-is": {
					"version": "1.0.0",
					"resolved": "https://registry.npmjs.org/type-is/-/type-is-1.0.0.tgz",
					"integrity": "sha1-T/Qk6XNJoe4ZELS/xIhZXs3EQ/w=",
					"requires": {
						"mime": "1.2.11"
					}
				}
			}
		},
		"fresh": {
			"version": "0.2.2",
			"resolved": "https://registry.npmjs.org/fresh/-/fresh-0.2.2.tgz",
			"integrity": "sha1-lzHc9WeMf660T7kDxPct9VGH+nc="
		},
		"hooks": {
			"version": "0.2.1",
			"resolved": "https://registry.npmjs.org/hooks/-/hooks-0.2.1.tgz",
			"integrity": "sha1-D1kbGzRL3LPfWXc/Yvu6+Fv0Aos="
		},
		"kerberos": {
			"version": "0.0.3",
			"resolved": "https://registry.npmjs.org/kerberos/-/kerberos-0.0.3.tgz",
			"integrity": "sha1-QoXZKgdI2yeEBi9a3OyfWVbLgYo=",
			"optional": true
		},
		"keygrip": {
			"version": "1.0.3",
			"resolved": "https://registry.npmjs.org/keygrip/-/keygrip-1.0.3.tgz",
			"integrity": "sha512-/PpesirAIfaklxUzp4Yb7xBper9MwP6hNRA6BGGUFCgbJ+BM5CKBtsoxinNXkLHAr+GXS1/lSlF2rP7cv5Fl+g=="
		},
		"merge-descriptors": {
			"version": "0.0.2",
			"resolved": "https://registry.npmjs.org/merge-descriptors/-/merge-descriptors-0.0.2.tgz",
			"integrity": "sha1-w2pSp4FDdRPFcnXzndnTF1FKyMc="
		},
		"methods": {
			"version": "0.1.0",
			"resolved": "https://registry.npmjs.org/methods/-/methods-0.1.0.tgz",
			"integrity": "sha1-M11Cnu/SG3us8unJIqjSvRSjDk8="
		},
		"mime": {
			"version": "1.2.11",
			"resolved": "https://registry.npmjs.org/mime/-/mime-1.2.11.tgz",
			"integrity": "sha1-WCA+7Ybjpe8XrtK32evUfwpg3RA="
		},
		"mongodb": {
			"version": "1.3.19",
			"resolved": "https://registry.npmjs.org/mongodb/-/mongodb-1.3.19.tgz",
			"integrity": "sha1-8inbJAmPAZ2G0TWq+KGrXyZYsdQ=",
			"requires": {
				"bson": "0.2.2",
				"kerberos": "0.0.3"
			}
		},
		"mongoose": {
			"version": "3.6.20",
			"resolved": "https://registry.npmjs.org/mongoose/-/mongoose-3.6.20.tgz",
			"integrity": "sha1-RyY4Q+a4EuogfuwQTECjbI0hX1M=",
			"requires": {
				"hooks": "0.2.1",
				"mongodb": "1.3.19",
				"mpath": "0.1.1",
				"mpromise": "0.2.1",
				"ms": "0.1.0",
				"muri": "0.3.1",
				"regexp-clone": "0.0.1",
				"sliced": "0.0.5"
			},
			"dependencies": {
				"ms": {
					"version": "0.1.0",
					"resolved": "https://registry.npmjs.org/ms/-/ms-0.1.0.tgz",
					"integrity": "sha1-8h+sSQ2vHXZn/RgP6QdzicyUQrI="
				}
			}
		},
		"morgan": {
			"version": "1.0.1",
			"resolved": "https://registry.npmjs.org/morgan/-/morgan-1.0.1.tgz",
			"integrity": "sha1-glCl1xHeYlRTAilFNE1NZ2JjDGQ=",
			"requires": {
				"bytes": "0.3.0"
			},
			"dependencies": {
				"bytes": {
					"version": "0.3.0",
					"resolved": "https://registry.npmjs.org/bytes/-/bytes-0.3.0.tgz",
					"integrity": "sha1-eOLg4ox/nHuYjqiu4NtNX6mUGTU="
				}
			}
		},
		"mpath": {
			"version": "0.1.1",
			"resolved": "https://registry.npmjs.org/mpath/-/mpath-0.1.1.tgz",
			"integrity": "sha1-I9qFK3wjLuCX9HWdKcDunNItXkY="
		},
		"mpromise": {
			"version": "0.2.1",
			"resolved": "https://registry.npmjs.org/mpromise/-/mpromise-0.2.1.tgz",
			"integrity": "sha1-+73CjLAgfkm4pOsaTAzqbC3nlMg=",
			"requires": {
				"sliced": "0.0.4"
			},
			"dependencies": {
				"sliced": {
					"version": "0.0.4",
					"resolved": "https://registry.npmjs.org/sliced/-/sliced-0.0.4.tgz",
					"integrity": "sha1-NPiabbHzH6Ul9aVw9bz4d88JVe4="
				}
			}
		},
		"ms": {
			"version": "2.1.2",
			"resolved": "https://registry.npmjs.org/ms/-/ms-2.1.2.tgz",
			"integrity": "sha512-sGkPx+VjMtmA6MX27oA4FBFELFCZZ4S4XqeGOXCv68tT+jb3vk/RyaKWP0PTKyWtmLSM0b+adUTEvbs1PEaH2w=="
		},
		"muri": {
			"version": "0.3.1",
			"resolved": "https://registry.npmjs.org/muri/-/muri-0.3.1.tgz",
			"integrity": "sha1-hhiJxchX8aQ3AL7oXVBzH2FyfJo="
		},
		"negotiator": {
			"version": "0.3.0",
			"resolved": "https://registry.npmjs.org/negotiator/-/negotiator-0.3.0.tgz",
			"integrity": "sha1-cG1pLv7d9XTVfqn7GriaT6fuj2A="
		},
		"parseurl": {
			"version": "1.0.1",
			"resolved": "https://registry.npmjs.org/parseurl/-/parseurl-1.0.1.tgz",
			"integrity": "sha1-Llfc5u/dN8NRhwEDCUTCK/OIt7Q="
		},
		"path-to-regexp": {
			"version": "0.1.2",
			"resolved": "https://registry.npmjs.org/path-to-regexp/-/path-to-regexp-0.1.2.tgz",
			"integrity": "sha1-mysVH5zDAYye6lDKlXKeBXgXErQ="
		},
		"qs": {
			"version": "0.6.6",
			"resolved": "https://registry.npmjs.org/qs/-/qs-0.6.6.tgz",
			"integrity": "sha1-bgFQmP9RlouKPIGQAdXyyJvEsQc="
		},
		"random-bytes": {
			"version": "1.0.0",
			"resolved": "https://registry.npmjs.org/random-bytes/-/random-bytes-1.0.0.tgz",
			"integrity": "sha1-T2ih3Arli9P7lYSMMDJNt11kNgs="
		},
		"range-parser": {
			"version": "1.0.0",
			"resolved": "https://registry.npmjs.org/range-parser/-/range-parser-1.0.0.tgz",
			"integrity": "sha1-pLJkz+C+XONqvjdlrJwqJIdG28A="
		},
		"raw-body": {
			"version": "1.1.7",
			"resolved": "https://registry.npmjs.org/raw-body/-/raw-body-1.1.7.tgz",
			"integrity": "sha1-HQJ8K/oRasxmI7yo8AAWVyqH1CU=",
			"requires": {
				"bytes": "1.0.0",
				"string_decoder": "0.10.31"
			}
		},
		"regexp-clone": {
			"version": "0.0.1",
			"resolved": "https://registry.npmjs.org/regexp-clone/-/regexp-clone-0.0.1.tgz",
			"integrity": "sha1-p8LgmJH9vzj7sQ03b7cwA+aKxYk="
		},
		"rndm": {
			"version": "1.2.0",
			"resolved": "https://registry.npmjs.org/rndm/-/rndm-1.2.0.tgz",
			"integrity": "sha1-8z/pz7Urv9UgqhgyO8ZdsRCht2w="
		},
		"send": {
			"version": "0.2.0",
			"resolved": "https://registry.npmjs.org/send/-/send-0.2.0.tgz",
			"integrity": "sha1-Bnq/Rc/4v/spy9t0OXJbMjiKLFg=",
			"requires": {
				"debug": "4.1.1",
				"fresh": "0.2.2",
				"mime": "1.2.11",
				"range-parser": "1.0.0"
			}
		},
		"serve-static": {
			"version": "1.0.1",
			"resolved": "https://registry.npmjs.org/serve-static/-/serve-static-1.0.1.tgz",
			"integrity": "sha1-ENy/1Es+ApGhMfyatKslqfWnikI=",
			"requires": {
				"send": "0.1.4"
			},
			"dependencies": {
				"fresh": {
					"version": "0.2.0",
					"resolved": "https://registry.npmjs.org/fresh/-/fresh-0.2.0.tgz",
					"integrity": "sha1-v9lALPPfEsSkwxDHn5mj3eE9NKc="
				},
				"range-parser": {
					"version": "0.0.4",
					"resolved": "https://registry.npmjs.org/range-parser/-/range-parser-0.0.4.tgz",
					"integrity": "sha1-wEJ//vUcEKy6B4KkbJYC50T/Ygs="
				},
				"send": {
					"version": "0.1.4",
					"resolved": "https://registry.npmjs.org/send/-/send-0.1.4.tgz",
					"integrity": "sha1-vnDY0b4B3mGCGvE3gLUDRaT3Gr0=",
					"requires": {
						"debug": "4.1.1",
						"fresh": "0.2.0",
						"mime": "1.2.11",
						"range-parser": "0.0.4"
					}
				}
			}
		},
		"sliced": {
			"version": "0.0.5",
			"resolved": "https://registry.npmjs.org/sliced/-/sliced-0.0.5.tgz",
			"integrity": "sha1-XtwETKTrb3gW1Qui/GPiXY/kcH8="
		},
		"string_decoder": {
			"version": "0.10.31",
			"resolved": "https://registry.npmjs.org/string_decoder/-/string_decoder-0.10.31.tgz",
			"integrity": "sha1-YuIDvEF2bGwoyfyEMB2rHFMQ+pQ="
		},
		"tsscmp": {
			"version": "1.0.6",
			"resolved": "https://registry.npmjs.org/tsscmp/-/tsscmp-1.0.6.tgz",
			"integrity": "sha512-LxhtAkPDTkVCMQjt2h6eBVY28KCjikZqZfMcC15YBeNjkgUpdCfBu5HoiOTDu86v6smE8yOjyEktJ8hlbANHQA=="
		},
		"type-is": {
			"version": "1.1.0",
			"resolved": "https://registry.npmjs.org/type-is/-/type-is-1.1.0.tgz",
			"integrity": "sha1-0CReyLJnZmjVndDPMlUGBnalfbY=",
			"requires": {
				"mime": "1.2.11"
			}
		},
		"uid-safe": {
			"version": "2.1.5",
			"resolved": "https://registry.npmjs.org/uid-safe/-/uid-safe-2.1.5.tgz",
			"integrity": "sha512-KPHm4VL5dDXKz01UuEd88Df+KzynaohSL9fBh096KWAxSKZQDI2uBrVqtvRM4rwrIrRRKsdLNML/lnaaVSRioA==",
			"requires": {
				"random-bytes": "1.0.0"
			}
		},
		"utils-merge": {
			"version": "1.0.0",
			"resolved": "https://registry.npmjs.org/utils-merge/-/utils-merge-1.0.0.tgz",
			"integrity": "sha1-ApT7kiu5N1FTVBxPcJYjHyh8ivg="
		}
	}
}
