{
	"name": "node-api",
	"requires": true,
	"lockfileVersion": 1,
	"dependencies": {
		"body-parser": {
			"version": "1.0.2",
			"resolved": "https://registry.npmjs.org/body-parser/-/body-parser-1.0.2.tgz",
			"integrity": "sha1-NGFHmjJ4/gD8rr7DMUu1T8T3tHw=",
			"requires": {
				"qs": "0.6.6",
				"raw-body": "1.1.6",
				"type-is": "1.1.0"
			},
			"dependencies": {
				"raw-body": {
					"version": "1.1.6",
					"resolved": "https://registry.npmjs.org/raw-body/-/raw-body-1.1.6.tgz",
					"integrity": "sha1-mOnfmn4t+ZSTG3zbSyprlpSnTwI=",
					"requires": {
						"bytes": "1.0.0"
					},
					"dependencies": {
						"bytes": {
							"version": "1.0.0",
							"resolved": "https://registry.npmjs.org/bytes/-/bytes-1.0.0.tgz",
							"integrity": "sha1-NWnt6Lo0MV+rmcPpLLBMciDeH6g="
						}
					}
				},
				"type-is": {
					"version": "1.1.0",
					"resolved": "https://registry.npmjs.org/type-is/-/type-is-1.1.0.tgz",
					"integrity": "sha1-0CReyLJnZmjVndDPMlUGBnalfbY=",
					"requires": {
						"mime": "1.2.11"
					}
				}
			}
		},
		"cookie-session": {
			"version": "1.0.2",
			"resolved": "https://registry.npmjs.org/cookie-session/-/cookie-session-1.0.2.tgz",
			"integrity": "sha1-lImaxKchvevPsvYq2qqJ/9u9jvg=",
			"requires": {
				"cookies": "0.4.1",
				"debug": "0.8.1"
			},
			"dependencies": {
				"cookies": {
					"version": "0.4.1",
					"resolved": "https://registry.npmjs.org/cookies/-/cookies-0.4.1.tgz",
					"integrity": "sha1-fUO9AFg8mFrMAyJYuXmIt9A7Yp4=",
					"requires": {
						"keygrip": "1.0.1"
					},
					"dependencies": {
						"keygrip": {
							"version": "1.0.1",
							"resolved": "https://registry.npmjs.org/keygrip/-/keygrip-1.0.1.tgz",
							"integrity": "sha1-sC+kgW7vIajEs1yp5Skh/8iaMOk="
						}
					}
				}
			}
		},
		"csrf": {
			"version": "0.0.3",
			"resolved": "https://registry.npmjs.org/csrf/-/csrf-0.0.3.tgz",
			"integrity": "sha1-G/EK3kvU/y2zp72iwoxPyMMKIS4=",
			"requires": {
				"crypto": "0.0.3",
				"underscore": "1.3.3"
			},
			"dependencies": {
				"crypto": {
					"version": "0.0.3",
					"resolved": "https://registry.npmjs.org/crypto/-/crypto-0.0.3.tgz",
					"integrity": "sha1-RwqBuGvkxe4XrMggeh9TFa4g27A="
				},
				"underscore": {
					"version": "1.3.3",
					"resolved": "https://registry.npmjs.org/underscore/-/underscore-1.3.3.tgz",
					"integrity": "sha1-R6xTaD2vgyv6lS4XdEF9pHgXrkI="
				}
			}
		},
		"debug": {
			"version": "0.8.1",
			"resolved": "https://registry.npmjs.org/debug/-/debug-0.8.1.tgz",
			"integrity": "sha1-IP9NJvXkIstoobrLu2EDmtjBwTA="
		},
		"express": {
			"version": "4.0.0",
			"resolved": "https://registry.npmjs.org/express/-/express-4.0.0.tgz",
			"integrity": "sha1-J03IKTPJ9XTMOKDOXqgXK+nGsJQ=",
			"requires": {
				"accepts": "1.0.0",
				"buffer-crc32": "0.2.1",
				"cookie": "0.1.0",
				"cookie-signature": "1.0.3",
				"debug": "0.8.1",
				"escape-html": "1.0.1",
				"fresh": "0.2.2",
				"merge-descriptors": "0.0.2",
				"methods": "0.1.0",
				"parseurl": "1.0.1",
				"path-to-regexp": "0.1.2",
				"qs": "0.6.6",
				"range-parser": "1.0.0",
				"send": "0.2.0",
				"serve-static": "1.0.1",
				"type-is": "1.0.0",
				"utils-merge": "1.0.0"
			},
			"dependencies": {
				"accepts": {
					"version": "1.0.0",
					"resolved": "https://registry.npmjs.org/accepts/-/accepts-1.0.0.tgz",
					"integrity": "sha1-NgTHZVhsO5z3h3tpN829RYf5R9w=",
					"requires": {
						"mime": "1.2.11",
						"negotiator": "0.3.0"
					}
				},
				"buffer-crc32": {
					"version": "0.2.1",
					"resolved": "https://registry.npmjs.org/buffer-crc32/-/buffer-crc32-0.2.1.tgz",
					"integrity": "sha1-vj5TgvwCttYySVasGvmKqYsIU0w="
				},
				"cookie": {
					"version": "0.1.0",
					"resolved": "https://registry.npmjs.org/cookie/-/cookie-0.1.0.tgz",
					"integrity": "sha1-kOtGndzpBchm3mh+/EMTHYgB+dA="
				},
				"cookie-signature": {
					"version": "1.0.3",
					"resolved": "https://registry.npmjs.org/cookie-signature/-/cookie-signature-1.0.3.tgz",
					"integrity": "sha1-kc2ZfMUftkFZVzjGnNoCAyj1D/k="
				},
				"debug": {
					"version": "0.8.1",
					"resolved": "https://registry.npmjs.org/debug/-/debug-0.8.1.tgz",
					"integrity": "sha1-IP9NJvXkIstoobrLu2EDmtjBwTA="
				},
				"escape-html": {
					"version": "1.0.1",
					"resolved": "https://registry.npmjs.org/escape-html/-/escape-html-1.0.1.tgz",
					"integrity": "sha1-GBoobq05ejmpKFfPsdQwUuNWv/A="
				},
				"fresh": {
					"version": "0.2.2",
					"resolved": "https://registry.npmjs.org/fresh/-/fresh-0.2.2.tgz",
					"integrity": "sha1-lzHc9WeMf660T7kDxPct9VGH+nc="
				},
				"merge-descriptors": {
					"version": "0.0.2",
					"resolved": "https://registry.npmjs.org/merge-descriptors/-/merge-descriptors-0.0.2.tgz",
					"integrity": "sha1-w2pSp4FDdRPFcnXzndnTF1FKyMc="
				},
				"mime": {
					"version": "1.2.11",
					"resolved": "https://registry.npmjs.org/mime/-/mime-1.2.11.tgz",
					"integrity": "sha1-WCA+7Ybjpe8XrtK32evUfwpg3RA="
				},
				"parseurl": {
					"version": "1.0.1",
					"resolved": "https://registry.npmjs.org/parseurl/-/parseurl-1.0.1.tgz",
					"integrity": "sha1-Llfc5u/dN8NRhwEDCUTCK/OIt7Q="
				},
				"path-to-regexp": {
					"version": "0.1.2",
					"resolved": "https://registry.npmjs.org/path-to-regexp/-/path-to-regexp-0.1.2.tgz",
					"integrity": "sha1-mysVH5zDAYye6lDKlXKeBXgXErQ="
				},
				"qs": {
					"version": "0.6.6",
					"resolved": "https://registry.npmjs.org/qs/-/qs-0.6.6.tgz",
					"integrity": "sha1-bgFQmP9RlouKPIGQAdXyyJvEsQc="
				},
				"range-parser": {
					"version": "1.0.0",
					"resolved": "https://registry.npmjs.org/range-parser/-/range-parser-1.0.0.tgz",
					"integrity": "sha1-pLJkz+C+XONqvjdlrJwqJIdG28A="
				},
				"send": {
					"version": "0.2.0",
					"resolved": "https://registry.npmjs.org/send/-/send-0.2.0.tgz",
					"integrity": "sha1-Bnq/Rc/4v/spy9t0OXJbMjiKLFg=",
					"requires": {
						"debug": "0.8.1",
						"fresh": "0.2.2",
						"mime": "1.2.11",
						"range-parser": "1.0.0"
					},
					"dependencies": {
						"mime": {
							"version": "1.2.11",
							"resolved": "https://registry.npmjs.org/mime/-/mime-1.2.11.tgz",
							"integrity": "sha1-WCA+7Ybjpe8XrtK32evUfwpg3RA="
						}
					}
				},
				"serve-static": {
					"version": "1.0.1",
					"resolved": "https://registry.npmjs.org/serve-static/-/serve-static-1.0.1.tgz",
					"integrity": "sha1-ENy/1Es+ApGhMfyatKslqfWnikI=",
					"requires": {
						"send": "0.1.4"
					},
					"dependencies": {
						"mime": {
							"version": "1.2.11",
							"resolved": "https://registry.npmjs.org/mime/-/mime-1.2.11.tgz",
							"integrity": "sha1-WCA+7Ybjpe8XrtK32evUfwpg3RA="
						},
						"send": {
							"version": "0.1.4",
							"resolved": "https://registry.npmjs.org/send/-/send-0.1.4.tgz",
							"integrity": "sha1-vnDY0b4B3mGCGvE3gLUDRaT3Gr0=",
							"requires": {
								"debug": "0.8.1",
								"fresh": "0.2.0",
								"mime": "1.2.11",
								"range-parser": "0.0.4"
							},
							"dependencies": {
								"fresh": {
									"version": "0.2.0",
									"resolved": "https://registry.npmjs.org/fresh/-/fresh-0.2.0.tgz",
									"integrity": "sha1-v9lALPPfEsSkwxDHn5mj3eE9NKc="
								},
								"range-parser": {
									"version": "0.0.4",
									"resolved": "https://registry.npmjs.org/range-parser/-/range-parser-0.0.4.tgz",
									"integrity": "sha1-wEJ//vUcEKy6B4KkbJYC50T/Ygs="
								}
							}
						}
					}
				},
				"type-is": {
					"version": "1.0.0",
					"resolved": "https://registry.npmjs.org/type-is/-/type-is-1.0.0.tgz",
					"integrity": "sha1-T/Qk6XNJoe4ZELS/xIhZXs3EQ/w=",
					"requires": {
						"mime": "1.2.11"
					},
					"dependencies": {
						"mime": {
							"version": "1.2.11",
							"resolved": "https://registry.npmjs.org/mime/-/mime-1.2.11.tgz",
							"integrity": "sha1-WCA+7Ybjpe8XrtK32evUfwpg3RA="
						}
					}
				},
				"utils-merge": {
					"version": "1.0.0",
					"resolved": "https://registry.npmjs.org/utils-merge/-/utils-merge-1.0.0.tgz",
					"integrity": "sha1-ApT7kiu5N1FTVBxPcJYjHyh8ivg="
				}
			}
		},
		"methods": {
			"version": "0.1.0",
			"resolved": "https://registry.npmjs.org/methods/-/methods-0.1.0.tgz",
			"integrity": "sha1-M11Cnu/SG3us8unJIqjSvRSjDk8="
		},
		"mime": {
			"version": "1.2.11",
			"resolved": "https://registry.npmjs.org/mime/-/mime-1.2.11.tgz",
			"integrity": "sha1-WCA+7Ybjpe8XrtK32evUfwpg3RA="
		},
		"mongoose": {
			"version": "3.6.20",
			"resolved": "https://registry.npmjs.org/mongoose/-/mongoose-3.6.20.tgz",
			"integrity": "sha1-RyY4Q+a4EuogfuwQTECjbI0hX1M=",
			"requires": {
				"hooks": "0.2.1",
				"mongodb": "1.3.19",
				"mpath": "0.1.1",
				"mpromise": "0.2.1",
				"ms": "0.1.0",
				"muri": "0.3.1",
				"regexp-clone": "0.0.1",
				"sliced": "0.0.5"
			},
			"dependencies": {
				"hooks": {
					"version": "0.2.1",
					"resolved": "https://registry.npmjs.org/hooks/-/hooks-0.2.1.tgz",
					"integrity": "sha1-D1kbGzRL3LPfWXc/Yvu6+Fv0Aos="
				},
				"mongodb": {
					"version": "1.3.19",
					"resolved": "https://registry.npmjs.org/mongodb/-/mongodb-1.3.19.tgz",
					"integrity": "sha1-8inbJAmPAZ2G0TWq+KGrXyZYsdQ=",
					"requires": {
						"bson": "0.2.2",
						"kerberos": "0.0.3"
					},
					"dependencies": {
						"bson": {
							"version": "0.2.2",
							"resolved": "https://registry.npmjs.org/bson/-/bson-0.2.2.tgz",
							"integrity": "sha1-Pb+YSsudM6aHi0bm+3r71hGFamA="
						},
						"kerberos": {
							"version": "0.0.3",
							"resolved": "https://registry.npmjs.org/kerberos/-/kerberos-0.0.3.tgz",
							"integrity": "sha1-QoXZKgdI2yeEBi9a3OyfWVbLgYo=",
							"optional": true
						}
					}
				},
				"mpath": {
					"version": "0.1.1",
					"resolved": "https://registry.npmjs.org/mpath/-/mpath-0.1.1.tgz",
					"integrity": "sha1-I9qFK3wjLuCX9HWdKcDunNItXkY="
				},
				"mpromise": {
					"version": "0.2.1",
					"resolved": "https://registry.npmjs.org/mpromise/-/mpromise-0.2.1.tgz",
					"integrity": "sha1-+73CjLAgfkm4pOsaTAzqbC3nlMg=",
					"requires": {
						"sliced": "0.0.4"
					},
					"dependencies": {
						"sliced": {
							"version": "0.0.4",
							"resolved": "https://registry.npmjs.org/sliced/-/sliced-0.0.4.tgz",
							"integrity": "sha1-NPiabbHzH6Ul9aVw9bz4d88JVe4="
						}
					}
				},
				"ms": {
					"version": "0.1.0",
					"resolved": "https://registry.npmjs.org/ms/-/ms-0.1.0.tgz",
					"integrity": "sha1-8h+sSQ2vHXZn/RgP6QdzicyUQrI="
				},
				"muri": {
					"version": "0.3.1",
					"resolved": "https://registry.npmjs.org/muri/-/muri-0.3.1.tgz",
					"integrity": "sha1-hhiJxchX8aQ3AL7oXVBzH2FyfJo="
				},
				"regexp-clone": {
					"version": "0.0.1",
					"resolved": "https://registry.npmjs.org/regexp-clone/-/regexp-clone-0.0.1.tgz",
					"integrity": "sha1-p8LgmJH9vzj7sQ03b7cwA+aKxYk="
				},
				"sliced": {
					"version": "0.0.5",
					"resolved": "https://registry.npmjs.org/sliced/-/sliced-0.0.5.tgz",
					"integrity": "sha1-XtwETKTrb3gW1Qui/GPiXY/kcH8="
				}
			}
		},
		"morgan": {
			"version": "1.0.1",
			"resolved": "https://registry.npmjs.org/morgan/-/morgan-1.0.1.tgz",
			"integrity": "sha1-glCl1xHeYlRTAilFNE1NZ2JjDGQ=",
			"requires": {
				"bytes": "0.3.0"
			},
			"dependencies": {
				"bytes": {
					"version": "0.3.0",
					"resolved": "https://registry.npmjs.org/bytes/-/bytes-0.3.0.tgz",
					"integrity": "sha1-eOLg4ox/nHuYjqiu4NtNX6mUGTU="
				}
			}
		},
		"negotiator": {
			"version": "0.3.0",
			"resolved": "https://registry.npmjs.org/negotiator/-/negotiator-0.3.0.tgz",
			"integrity": "sha1-cG1pLv7d9XTVfqn7GriaT6fuj2A="
		},
		"qs": {
			"version": "0.6.6",
			"resolved": "https://registry.npmjs.org/qs/-/qs-0.6.6.tgz",
			"integrity": "sha1-bgFQmP9RlouKPIGQAdXyyJvEsQc="
		}
	}
}
